// !$*UTF8*$!
{
	archiveVersion = 1;
	classes = {
	};
	objectVersion = 46;
	objects = {

/* Begin PBXBuildFile section */
		587201B91B848D3F0010DC62 /* main.m in Sources */ = {isa = PBXBuildFile; fileRef = 587201B81B848D3F0010DC62 /* main.m */; };
		587201BC1B848D3F0010DC62 /* AppDelegate.m in Sources */ = {isa = PBXBuildFile; fileRef = 587201BB1B848D3F0010DC62 /* AppDelegate.m */; };
		587201C51B848D3F0010DC62 /* Main.storyboard in Resources */ = {isa = PBXBuildFile; fileRef = 587201C31B848D3F0010DC62 /* Main.storyboard */; };
		587201C71B848D3F0010DC62 /* Assets.xcassets in Resources */ = {isa = PBXBuildFile; fileRef = 587201C61B848D3F0010DC62 /* Assets.xcassets */; };
		587201CA1B848D3F0010DC62 /* LaunchScreen.storyboard in Resources */ = {isa = PBXBuildFile; fileRef = 587201C81B848D3F0010DC62 /* LaunchScreen.storyboard */; };
		587201D31B848D940010DC62 /* ViewController.m in Sources */ = {isa = PBXBuildFile; fileRef = 587201D21B848D940010DC62 /* ViewController.m */; };
/* End PBXBuildFile section */

/* Begin PBXFileReference section */
		587201B41B848D3F0010DC62 /* UIkitBugScrollView.app */ = {isa = PBXFileReference; explicitFileType = wrapper.application; includeInIndex = 0; path = UIkitBugScrollView.app; sourceTree = BUILT_PRODUCTS_DIR; };
		587201B81B848D3F0010DC62 /* main.m */ = {isa = PBXFileReference; lastKnownFileType = sourcecode.c.objc; path = main.m; sourceTree = "<group>"; };
		587201BA1B848D3F0010DC62 /* AppDelegate.h */ = {isa = PBXFileReference; lastKnownFileType = sourcecode.c.h; path = AppDelegate.h; sourceTree = "<group>"; };
		587201BB1B848D3F0010DC62 /* AppDelegate.m */ = {isa = PBXFileReference; lastKnownFileType = sourcecode.c.objc; path = AppDelegate.m; sourceTree = "<group>"; };
		587201C41B848D3F0010DC62 /* Base */ = {isa = PBXFileReference; lastKnownFileType = file.storyboard; name = Base; path = Base.lproj/Main.storyboard; sourceTree = "<group>"; };
		587201C61B848D3F0010DC62 /* Assets.xcassets */ = {isa = PBXFileReference; lastKnownFileType = folder.assetcatalog; path = Assets.xcassets; sourceTree = "<group>"; };
		587201C91B848D3F0010DC62 /* Base */ = {isa = PBXFileReference; lastKnownFileType = file.storyboard; name = Base; path = Base.lproj/LaunchScreen.storyboard; sourceTree = "<group>"; };
		587201CB1B848D3F0010DC62 /* Info.plist */ = {isa = PBXFileReference; lastKnownFileType = text.plist.xml; path = Info.plist; sourceTree = "<group>"; };
		587201D11B848D940010DC62 /* ViewController.h */ = {isa = PBXFileReference; fileEncoding = 4; lastKnownFileType = sourcecode.c.h; path = ViewController.h; sourceTree = "<group>"; };
		587201D21B848D940010DC62 /* ViewController.m */ = {isa = PBXFileReference; fileEncoding = 4; lastKnownFileType = sourcecode.c.objc; path = ViewController.m; sourceTree = "<group>"; };
/* End PBXFileReference section */

/* Begin PBXFrameworksBuildPhase section */
		587201B11B848D3F0010DC62 /* Frameworks */ = {
			isa = PBXFrameworksBuildPhase;
			buildActionMask = 2147483647;
			files = (
			);
			runOnlyForDeploymentPostprocessing = 0;
		};
/* End PBXFrameworksBuildPhase section */

/* Begin PBXGroup section */
		587201AB1B848D3F0010DC62 = {
			isa = PBXGroup;
			children = (
				587201B61B848D3F0010DC62 /* UIkitBugScrollView */,
				587201B51B848D3F0010DC62 /* Products */,
			);
			sourceTree = "<group>";
		};
		587201B51B848D3F0010DC62 /* Products */ = {
			isa = PBXGroup;
			children = (
				587201B41B848D3F0010DC62 /* UIkitBugScrollView.app */,
			);
			name = Products;
			sourceTree = "<group>";
		};
		587201B61B848D3F0010DC62 /* UIkitBugScrollView */ = {
			isa = PBXGroup;
			children = (
				587201BA1B848D3F0010DC62 /* AppDelegate.h */,
				587201BB1B848D3F0010DC62 /* AppDelegate.m */,
				587201C31B848D3F0010DC62 /* Main.storyboard */,
				587201C61B848D3F0010DC62 /* Assets.xcassets */,
				587201C81B848D3F0010DC62 /* LaunchScreen.storyboard */,
				587201CB1B848D3F0010DC62 /* Info.plist */,
				587201B71B848D3F0010DC62 /* Supporting Files */,
				587201D11B848D940010DC62 /* ViewController.h */,
				587201D21B848D940010DC62 /* ViewController.m */,
			);
			path = UIkitBugScrollView;
			sourceTree = "<group>";
		};
		587201B71B848D3F0010DC62 /* Supporting Files */ = {
			isa = PBXGroup;
			children = (
				587201B81B848D3F0010DC62 /* main.m */,
			);
			name = "Supporting Files";
			sourceTree = "<group>";
		};
/* End PBXGroup section */

/* Begin PBXNativeTarget section */
		587201B31B848D3F0010DC62 /* UIkitBugScrollView */ = {
			isa = PBXNativeTarget;
			buildConfigurationList = 587201CE1B848D3F0010DC62 /* Build configuration list for PBXNativeTarget "UIkitBugScrollView" */;
			buildPhases = (
				587201B01B848D3F0010DC62 /* Sources */,
				587201B11B848D3F0010DC62 /* Frameworks */,
				587201B21B848D3F0010DC62 /* Resources */,
			);
			buildRules = (
			);
			dependencies = (
			);
			name = UIkitBugScrollView;
			productName = UIkitBugScrollView;
			productReference = 587201B41B848D3F0010DC62 /* UIkitBugScrollView.app */;
			productType = "com.apple.product-type.application";
		};
/* End PBXNativeTarget section */

/* Begin PBXProject section */
		587201AC1B848D3F0010DC62 /* Project object */ = {
			isa = PBXProject;
			attributes = {
				LastUpgradeCheck = 0700;
				ORGANIZATIONNAME = pronebird;
				TargetAttributes = {
					587201B31B848D3F0010DC62 = {
						CreatedOnToolsVersion = 7.0;
					};
				};
			};
			buildConfigurationList = 587201AF1B848D3F0010DC62 /* Build configuration list for PBXProject "UIkitBugScrollView" */;
			compatibilityVersion = "Xcode 3.2";
			developmentRegion = English;
			hasScannedForEncodings = 0;
			knownRegions = (
				en,
				Base,
			);
			mainGroup = 587201AB1B848D3F0010DC62;
			productRefGroup = 587201B51B848D3F0010DC62 /* Products */;
			projectDirPath = "";
			projectRoot = "";
			targets = (
				587201B31B848D3F0010DC62 /* UIkitBugScrollView */,
			);
		};
/* End PBXProject section */

/* Begin PBXResourcesBuildPhase section */
		587201B21B848D3F0010DC62 /* Resources */ = {
			isa = PBXResourcesBuildPhase;
			buildActionMask = 2147483647;
			files = (
				587201CA1B848D3F0010DC62 /* LaunchScreen.storyboard in Resources */,
				587201C71B848D3F0010DC62 /* Assets.xcassets in Resources */,
				587201C51B848D3F0010DC62 /* Main.storyboard in Resources */,
			);
			runOnlyForDeploymentPostprocessing = 0;
		};
/* End PBXResourcesBuildPhase section */

/* Begin PBXSourcesBuildPhase section */
		587201B01B848D3F0010DC62 /* Sources */ = {
			isa = PBXSourcesBuildPhase;
			buildActionMask = 2147483647;
			files = (
				587201D31B848D940010DC62 /* ViewController.m in Sources */,
				587201BC1B848D3F0010DC62 /* AppDelegate.m in Sources */,
				587201B91B848D3F0010DC62 /* main.m in Sources */,
			);
			runOnlyForDeploymentPostprocessing = 0;
		};
/* End PBXSourcesBuildPhase section */

/* Begin PBXVariantGroup section */
		587201C31B848D3F0010DC62 /* Main.storyboard */ = {
			isa = PBXVariantGroup;
			children = (
				587201C41B848D3F0010DC62 /* Base */,
			);
			name = Main.storyboard;
			sourceTree = "<group>";
		};
		587201C81B848D3F0010DC62 /* LaunchScreen.storyboard */ = {
			isa = PBXVariantGroup;
			children = (
				587201C91B848D3F0010DC62 /* Base */,
			);
			name = LaunchScreen.storyboard;
			sourceTree = "<group>";
		};
/* End PBXVariantGroup section */

/* Begin XCBuildConfiguration section */
		587201CC1B848D3F0010DC62 /* Debug */ = {
			isa = XCBuildConfiguration;
			buildSettings = {
				ALWAYS_SEARCH_USER_PATHS = NO;
				CLANG_CXX_LANGUAGE_STANDARD = "gnu++0x";
				CLANG_CXX_LIBRARY = "libc++";
				CLANG_ENABLE_MODULES = YES;
				CLANG_ENABLE_OBJC_ARC = YES;
				CLANG_WARN_BOOL_CONVERSION = YES;
				CLANG_WARN_CONSTANT_CONVERSION = YES;
				CLANG_WARN_DIRECT_OBJC_ISA_USAGE = YES_ERROR;
				CLANG_WARN_EMPTY_BODY = YES;
				CLANG_WARN_ENUM_CONVERSION = YES;
				CLANG_WARN_INT_CONVERSION = YES;
				CLANG_WARN_OBJC_ROOT_CLASS = YES_ERROR;
				CLANG_WARN_UNREACHABLE_CODE = YES;
				CLANG_WARN__DUPLICATE_METHOD_MATCH = YES;
				"CODE_SIGN_IDENTITY[sdk=iphoneos*]" = "iPhone Developer";
				COPY_PHASE_STRIP = NO;
				DEBUG_INFORMATION_FORMAT = dwarf;
				ENABLE_STRICT_OBJC_MSGSEND = YES;
				ENABLE_TESTABILITY = YES;
				GCC_C_LANGUAGE_STANDARD = gnu99;
				GCC_DYNAMIC_NO_PIC = NO;
				GCC_NO_COMMON_BLOCKS = YES;
				GCC_OPTIMIZATION_LEVEL = 0;
				GCC_PREPROCESSOR_DEFINITIONS = (
					"DEBUG=1",
					"$(inherited)",
				);
				GCC_WARN_64_TO_32_BIT_CONVERSION = YES;
				GCC_WARN_ABOUT_RETURN_TYPE = YES_ERROR;
				GCC_WARN_UNDECLARED_SELECTOR = YES;
				GCC_WARN_UNINITIALIZED_AUTOS = YES_AGGRESSIVE;
				GCC_WARN_UNUSED_FUNCTION = YES;
				GCC_WARN_UNUSED_VARIABLE = YES;
				IPHONEOS_DEPLOYMENT_TARGET = 9.0;
				MTL_ENABLE_DEBUG_INFO = YES;
				ONLY_ACTIVE_ARCH = YES;
				SDKROOT = iphoneos;
			};
			name = Debug;
		};
		587201CD1B848D3F0010DC62 /* Release */ = {
			isa = XCBuildConfiguration;
			buildSettings = {
				ALWAYS_SEARCH_USER_PATHS = NO;
				CLANG_CXX_LANGUAGE_STANDARD = "gnu++0x";
				CLANG_CXX_LIBRARY = "libc++";
				CLANG_ENABLE_MODULES = YES;
				CLANG_ENABLE_OBJC_ARC = YES;
				CLANG_WARN_BOOL_CONVERSION = YES;
				CLANG_WARN_CONSTANT_CONVERSION = YES;
				CLANG_WARN_DIRECT_OBJC_ISA_USAGE = YES_ERROR;
				CLANG_WARN_EMPTY_BODY = YES;
				CLANG_WARN_ENUM_CONVERSION = YES;
				CLANG_WARN_INT_CONVERSION = YES;
				CLANG_WARN_OBJC_ROOT_CLASS = YES_ERROR;
				CLANG_WARN_UNREACHABLE_CODE = YES;
				CLANG_WARN__DUPLICATE_METHOD_MATCH = YES;
				"CODE_SIGN_IDENTITY[sdk=iphoneos*]" = "iPhone Developer";
				COPY_PHASE_STRIP = NO;
				DEBUG_INFORMATION_FORMAT = "dwarf-with-dsym";
				ENABLE_NS_ASSERTIONS = NO;
				ENABLE_STRICT_OBJC_MSGSEND = YES;
				GCC_C_LANGUAGE_STANDARD = gnu99;
				GCC_NO_COMMON_BLOCKS = YES;
				GCC_WARN_64_TO_32_BIT_CONVERSION = YES;
				GCC_WARN_ABOUT_RETURN_TYPE = YES_ERROR;
				GCC_WARN_UNDECLARED_SELECTOR = YES;
				GCC_WARN_UNINITIALIZED_AUTOS = YES_AGGRESSIVE;
				GCC_WARN_UNUSED_FUNCTION = YES;
				GCC_WARN_UNUSED_VARIABLE = YES;
				IPHONEOS_DEPLOYMENT_TARGET = 9.0;
				MTL_ENABLE_DEBUG_INFO = NO;
				SDKROOT = iphoneos;
				VALIDATE_PRODUCT = YES;
			};
			name = Release;
		};
		587201CF1B848D3F0010DC62 /* Debug */ = {
			isa = XCBuildConfiguration;
			buildSettings = {
				ASSETCATALOG_COMPILER_APPICON_NAME = AppIcon;
				INFOPLIST_FILE = UIkitBugScrollView/Info.plist;
				IPHONEOS_DEPLOYMENT_TARGET = 8.0;
				LD_RUNPATH_SEARCH_PATHS = "$(inherited) @executable_path/Frameworks";
				PRODUCT_BUNDLE_IDENTIFIER = ru.codeispoetry.UIkitBugScrollView;
				PRODUCT_NAME = "$(TARGET_NAME)";
			};
			name = Debug;
		};
		587201D01B848D3F0010DC62 /* Release */ = {
			isa = XCBuildConfiguration;
			buildSettings = {
				ASSETCATALOG_COMPILER_APPICON_NAME = AppIcon;
				INFOPLIST_FILE = UIkitBugScrollView/Info.plist;
				IPHONEOS_DEPLOYMENT_TARGET = 8.0;
				LD_RUNPATH_SEARCH_PATHS = "$(inherited) @executable_path/Frameworks";
				PRODUCT_BUNDLE_IDENTIFIER = ru.codeispoetry.UIkitBugScrollView;
				PRODUCT_NAME = "$(TARGET_NAME)";
			};
			name = Release;
		};
/* End XCBuildConfiguration section */

/* Begin XCConfigurationList section */
		587201AF1B848D3F0010DC62 /* Build configuration list for PBXProject "UIkitBugScrollView" */ = {
			isa = XCConfigurationList;
			buildConfigurations = (
				587201CC1B848D3F0010DC62 /* Debug */,
				587201CD1B848D3F0010DC62 /* Release */,
			);
			defaultConfigurationIsVisible = 0;
			defaultConfigurationName = Release;
		};
		587201CE1B848D3F0010DC62 /* Build configuration list for PBXNativeTarget "UIkitBugScrollView" */ = {
			isa = XCConfigurationList;
			buildConfigurations = (
				587201CF1B848D3F0010DC62 /* Debug */,
				587201D01B848D3F0010DC62 /* Release */,
			);
			defaultConfigurationIsVisible = 0;
		};
/* End XCConfigurationList section */
	};
	rootObject = 587201AC1B848D3F0010DC62 /* Project object */;
}
